
Microsoft Visual Studio Solution File, Format Version 12.00
# Visual Studio Version 17
VisualStudioVersion = 17.9.34723.18
MinimumVisualStudioVersion = 10.0.40219.1
Project("{2150E333-8FDC-42A3-9474-1A3956D46DE8}") = "src", "src", "{7D55B337-199B-420F-BC47-77DC1A61A885}"
EndProject
Project("{9A19103F-16F7-4668-BE54-9A1E7A4F7556}") = "Cody.Api", "src\Cody.Api\Cody.Api.csproj", "{1E483740-EFE3-453F-B6FC-5276679E9630}"
EndProject
Project("{9A19103F-16F7-4668-BE54-9A1E7A4F7556}") = "Cody.Domain", "src\Cody.Domain\Cody.Domain.csproj", "{8A2FB7C3-9BF7-4F78-8DB7-E70865FD78A3}"
EndProject
Project("{9A19103F-16F7-4668-BE54-9A1E7A4F7556}") = "Cody.DataAccess", "src\Cody.DataAccess\Cody.DataAccess.csproj", "{7AF5A7AD-2583-493A-AD69-463C23A2C591}"
EndProject
Project("{9A19103F-16F7-4668-BE54-9A1E7A4F7556}") = "Cody.Service", "src\Cody.Service\Cody.Service.csproj", "{02166C1A-3A40-448F-8212-37BCFC4BCB57}"
EndProject
Project("{2150E333-8FDC-42A3-9474-1A3956D46DE8}") = "tests", "tests", "{112CCEFB-9DED-48A2-9640-F7799F500413}"
EndProject
Project("{9A19103F-16F7-4668-BE54-9A1E7A4F7556}") = "Cody.Test", "tests\Cody.Test\Cody.Test.csproj", "{55EA35C6-8649-4F03-8464-66502A34459D}"
EndProject
Project("{2150E333-8FDC-42A3-9474-1A3956D46DE8}") = "Solution Items", "Solution Items", "{28578050-3EA6-431A-A621-7DCB902276B1}"
	ProjectSection(SolutionItems) = preProject
		.editorconfig = .editorconfig
		Directory.Build.props = Directory.Build.props
	EndProjectSection
EndProject
Global
	GlobalSection(SolutionConfigurationPlatforms) = preSolution
		Debug|Any CPU = Debug|Any CPU
		Release|Any CPU = Release|Any CPU
	EndGlobalSection
	GlobalSection(ProjectConfigurationPlatforms) = postSolution
		{1E483740-EFE3-453F-B6FC-5276679E9630}.Debug|Any CPU.ActiveCfg = Debug|Any CPU
		{1E483740-EFE3-453F-B6FC-5276679E9630}.Debug|Any CPU.Build.0 = Debug|Any CPU
		{1E483740-EFE3-453F-B6FC-5276679E9630}.Release|Any CPU.ActiveCfg = Release|Any CPU
		{1E483740-EFE3-453F-B6FC-5276679E9630}.Release|Any CPU.Build.0 = Release|Any CPU
		{8A2FB7C3-9BF7-4F78-8DB7-E70865FD78A3}.Debug|Any CPU.ActiveCfg = Debug|Any CPU
		{8A2FB7C3-9BF7-4F78-8DB7-E70865FD78A3}.Debug|Any CPU.Build.0 = Debug|Any CPU
		{8A2FB7C3-9BF7-4F78-8DB7-E70865FD78A3}.Release|Any CPU.ActiveCfg = Release|Any CPU
		{8A2FB7C3-9BF7-4F78-8DB7-E70865FD78A3}.Release|Any CPU.Build.0 = Release|Any CPU
		{7AF5A7AD-2583-493A-AD69-463C23A2C591}.Debug|Any CPU.ActiveCfg = Debug|Any CPU
		{7AF5A7AD-2583-493A-AD69-463C23A2C591}.Debug|Any CPU.Build.0 = Debug|Any CPU
		{7AF5A7AD-2583-493A-AD69-463C23A2C591}.Release|Any CPU.ActiveCfg = Release|Any CPU
		{7AF5A7AD-2583-493A-AD69-463C23A2C591}.Release|Any CPU.Build.0 = Release|Any CPU
		{02166C1A-3A40-448F-8212-37BCFC4BCB57}.Debug|Any CPU.ActiveCfg = Debug|Any CPU
		{02166C1A-3A40-448F-8212-37BCFC4BCB57}.Debug|Any CPU.Build.0 = Debug|Any CPU
		{02166C1A-3A40-448F-8212-37BCFC4BCB57}.Release|Any CPU.ActiveCfg = Release|Any CPU
		{02166C1A-3A40-448F-8212-37BCFC4BCB57}.Release|Any CPU.Build.0 = Release|Any CPU
		{55EA35C6-8649-4F03-8464-66502A34459D}.Debug|Any CPU.ActiveCfg = Debug|Any CPU
		{55EA35C6-8649-4F03-8464-66502A34459D}.Debug|Any CPU.Build.0 = Debug|Any CPU
		{55EA35C6-8649-4F03-8464-66502A34459D}.Release|Any CPU.ActiveCfg = Release|Any CPU
		{55EA35C6-8649-4F03-8464-66502A34459D}.Release|Any CPU.Build.0 = Release|Any CPU
	EndGlobalSection
	GlobalSection(SolutionProperties) = preSolution
		HideSolutionNode = FALSE
	EndGlobalSection
	GlobalSection(NestedProjects) = preSolution
		{1E483740-EFE3-453F-B6FC-5276679E9630} = {7D55B337-199B-420F-BC47-77DC1A61A885}
		{8A2FB7C3-9BF7-4F78-8DB7-E70865FD78A3} = {7D55B337-199B-420F-BC47-77DC1A61A885}
		{7AF5A7AD-2583-493A-AD69-463C23A2C591} = {7D55B337-199B-420F-BC47-77DC1A61A885}
		{02166C1A-3A40-448F-8212-37BCFC4BCB57} = {7D55B337-199B-420F-BC47-77DC1A61A885}
		{55EA35C6-8649-4F03-8464-66502A34459D} = {112CCEFB-9DED-48A2-9640-F7799F500413}
	EndGlobalSection
	GlobalSection(ExtensibilityGlobals) = postSolution
		SolutionGuid = {47B04D72-7EE5-4226-9AA5-1C6D6AB8DD90}
	EndGlobalSection
EndGlobal
